// !$*UTF8*$!
{
	archiveVersion = 1;
	classes = {
	};
	objectVersion = 55;
	objects = {

/* Begin PBXBuildFile section */
		786B91CD2885E70D00661F18 /* EmployeeDirectory.xcdatamodeld in Sources */ = {isa = PBXBuildFile; fileRef = 786B91CB2885E70D00661F18 /* EmployeeDirectory.xcdatamodeld */; };
		78729899285CD2A500FCE1C9 /* AppDelegate.swift in Sources */ = {isa = PBXBuildFile; fileRef = 78729898285CD2A500FCE1C9 /* AppDelegate.swift */; };
		7872989B285CD2A500FCE1C9 /* SceneDelegate.swift in Sources */ = {isa = PBXBuildFile; fileRef = 7872989A285CD2A500FCE1C9 /* SceneDelegate.swift */; };
		7872989D285CD2A500FCE1C9 /* EmployeeListViewController.swift in Sources */ = {isa = PBXBuildFile; fileRef = 7872989C285CD2A500FCE1C9 /* EmployeeListViewController.swift */; };
		787298A2285CD2A800FCE1C9 /* Assets.xcassets in Resources */ = {isa = PBXBuildFile; fileRef = 787298A1285CD2A800FCE1C9 /* Assets.xcassets */; };
		787298A5285CD2A800FCE1C9 /* LaunchScreen.storyboard in Resources */ = {isa = PBXBuildFile; fileRef = 787298A3285CD2A800FCE1C9 /* LaunchScreen.storyboard */; };
		787298AE285CD4BC00FCE1C9 /* Coordinator.swift in Sources */ = {isa = PBXBuildFile; fileRef = 787298AD285CD4BC00FCE1C9 /* Coordinator.swift */; };
		787298B1285CD52C00FCE1C9 /* AppState.swift in Sources */ = {isa = PBXBuildFile; fileRef = 787298B0285CD52C00FCE1C9 /* AppState.swift */; };
		787298B4285CD5AF00FCE1C9 /* Models.swift in Sources */ = {isa = PBXBuildFile; fileRef = 787298B3285CD5AF00FCE1C9 /* Models.swift */; };
		787298BB285D1D2900FCE1C9 /* EmployeeListViewModel.swift in Sources */ = {isa = PBXBuildFile; fileRef = 787298BA285D1D2900FCE1C9 /* EmployeeListViewModel.swift */; };
		787298BE285D1E2F00FCE1C9 /* BindableViewModel.swift in Sources */ = {isa = PBXBuildFile; fileRef = 787298BD285D1E2F00FCE1C9 /* BindableViewModel.swift */; };
		787298C0285E247300FCE1C9 /* EmployeeListView.swift in Sources */ = {isa = PBXBuildFile; fileRef = 787298BF285E247300FCE1C9 /* EmployeeListView.swift */; };
		787298C2285E250C00FCE1C9 /* UIView+anchors.swift in Sources */ = {isa = PBXBuildFile; fileRef = 787298C1285E250C00FCE1C9 /* UIView+anchors.swift */; };
		787298C4285E261E00FCE1C9 /* UIView+addSubviews.swift in Sources */ = {isa = PBXBuildFile; fileRef = 787298C3285E261E00FCE1C9 /* UIView+addSubviews.swift */; };
		787298C6285E26C700FCE1C9 /* UIStackView+addArrangedSubviews.swift in Sources */ = {isa = PBXBuildFile; fileRef = 787298C5285E26C700FCE1C9 /* UIStackView+addArrangedSubviews.swift */; };
		787298C8285E298A00FCE1C9 /* UIStackView+init.swift in Sources */ = {isa = PBXBuildFile; fileRef = 787298C7285E298A00FCE1C9 /* UIStackView+init.swift */; };
		787298CA285E2BB100FCE1C9 /* UIStackView+setDirectionalLayoutMargins.swift in Sources */ = {isa = PBXBuildFile; fileRef = 787298C9285E2BB100FCE1C9 /* UIStackView+setDirectionalLayoutMargins.swift */; };
		787298CC285E42A300FCE1C9 /* EmployeeListCell.swift in Sources */ = {isa = PBXBuildFile; fileRef = 787298CB285E42A300FCE1C9 /* EmployeeListCell.swift */; };
		787298D02861377B00FCE1C9 /* GetEmployeesRequest.swift in Sources */ = {isa = PBXBuildFile; fileRef = 787298CF2861377B00FCE1C9 /* GetEmployeesRequest.swift */; };
		787298D228613A3200FCE1C9 /* NetworkError.swift in Sources */ = {isa = PBXBuildFile; fileRef = 787298D128613A3200FCE1C9 /* NetworkError.swift */; };
		787298DA28629BD200FCE1C9 /* Kingfisher in Frameworks */ = {isa = PBXBuildFile; productRef = 787298D928629BD200FCE1C9 /* Kingfisher */; };
		787AB5C8286587910061C886 /* UIStackView+init-Tests.swift in Sources */ = {isa = PBXBuildFile; fileRef = 787AB5C7286587910061C886 /* UIStackView+init-Tests.swift */; };
		787AB5CA286589A20061C886 /* UIStackView+setDirectionalLayoutMargins-Tests.swift in Sources */ = {isa = PBXBuildFile; fileRef = 787AB5C9286589A20061C886 /* UIStackView+setDirectionalLayoutMargins-Tests.swift */; };
		787AB5CC28658A320061C886 /* UIStackView+addArrangedSubviews-Tests.swift in Sources */ = {isa = PBXBuildFile; fileRef = 787AB5CB28658A320061C886 /* UIStackView+addArrangedSubviews-Tests.swift */; };
		787AB5CF28658B1B0061C886 /* StoreReducerTests.swift in Sources */ = {isa = PBXBuildFile; fileRef = 787AB5CE28658B1B0061C886 /* StoreReducerTests.swift */; };
		787AB5D128658CF90061C886 /* Collection+safeIndex.swift in Sources */ = {isa = PBXBuildFile; fileRef = 787AB5D028658CF90061C886 /* Collection+safeIndex.swift */; };
		787AB5D328658EA60061C886 /* CoordinatorTests.swift in Sources */ = {isa = PBXBuildFile; fileRef = 787AB5D228658EA60061C886 /* CoordinatorTests.swift */; };
		787AB5D6286590F40061C886 /* Mocks.swift in Sources */ = {isa = PBXBuildFile; fileRef = 787AB5D5286590F40061C886 /* Mocks.swift */; };
		787AB5D8286598170061C886 /* EmployeeDetailViewModelTests.swift in Sources */ = {isa = PBXBuildFile; fileRef = 787AB5D7286598170061C886 /* EmployeeDetailViewModelTests.swift */; };
		787AB5DB286599FA0061C886 /* EmployeeListViewModelTests.swift in Sources */ = {isa = PBXBuildFile; fileRef = 787AB5DA286599FA0061C886 /* EmployeeListViewModelTests.swift */; };
		787AB5DE28659C690061C886 /* GetEmployeesRequestTests.swift in Sources */ = {isa = PBXBuildFile; fileRef = 787AB5DD28659C690061C886 /* GetEmployeesRequestTests.swift */; };
		787AB5E028659E280061C886 /* NetworkingHelpers.swift in Sources */ = {isa = PBXBuildFile; fileRef = 787AB5DF28659E280061C886 /* NetworkingHelpers.swift */; };
		787AB5E22865F08E0061C886 /* MockNavigationController.swift in Sources */ = {isa = PBXBuildFile; fileRef = 787AB5E12865F08E0061C886 /* MockNavigationController.swift */; };
		787AB5E62865F62F0061C886 /* XCTestCase+awaitCompletion.swift in Sources */ = {isa = PBXBuildFile; fileRef = 787AB5E52865F62F0061C886 /* XCTestCase+awaitCompletion.swift */; };
		787AB5E82866059A0061C886 /* APIProtocols.swift in Sources */ = {isa = PBXBuildFile; fileRef = 787AB5E72866059A0061C886 /* APIProtocols.swift */; };
		78AFDEC428643E2200DBC248 /* EmployeeDetailViewController.swift in Sources */ = {isa = PBXBuildFile; fileRef = 78AFDEC328643E2200DBC248 /* EmployeeDetailViewController.swift */; };
		78AFDEC728653EF000DBC248 /* EmployeeDetailView.swift in Sources */ = {isa = PBXBuildFile; fileRef = 78AFDEC628653EF000DBC248 /* EmployeeDetailView.swift */; };
		78AFDEC92865525500DBC248 /* EmployeeDetailViewModel.swift in Sources */ = {isa = PBXBuildFile; fileRef = 78AFDEC82865525500DBC248 /* EmployeeDetailViewModel.swift */; };
/* End PBXBuildFile section */

/* Begin PBXContainerItemProxy section */
		787AB5C1286587490061C886 /* PBXContainerItemProxy */ = {
			isa = PBXContainerItemProxy;
			containerPortal = 7872988D285CD2A500FCE1C9 /* Project object */;
			proxyType = 1;
			remoteGlobalIDString = 78729894285CD2A500FCE1C9;
			remoteInfo = "employee-directory";
		};
/* End PBXContainerItemProxy section */

/* Begin PBXFileReference section */
		786B91CC2885E70D00661F18 /* EmployeeDirectory.xcdatamodel */ = {isa = PBXFileReference; lastKnownFileType = wrapper.xcdatamodel; path = EmployeeDirectory.xcdatamodel; sourceTree = "<group>"; };
		78729895285CD2A500FCE1C9 /* employee-directory.app */ = {isa = PBXFileReference; explicitFileType = wrapper.application; includeInIndex = 0; path = "employee-directory.app"; sourceTree = BUILT_PRODUCTS_DIR; };
		78729898285CD2A500FCE1C9 /* AppDelegate.swift */ = {isa = PBXFileReference; lastKnownFileType = sourcecode.swift; path = AppDelegate.swift; sourceTree = "<group>"; };
		7872989A285CD2A500FCE1C9 /* SceneDelegate.swift */ = {isa = PBXFileReference; lastKnownFileType = sourcecode.swift; path = SceneDelegate.swift; sourceTree = "<group>"; };
		7872989C285CD2A500FCE1C9 /* EmployeeListViewController.swift */ = {isa = PBXFileReference; lastKnownFileType = sourcecode.swift; path = EmployeeListViewController.swift; sourceTree = "<group>"; };
		787298A1285CD2A800FCE1C9 /* Assets.xcassets */ = {isa = PBXFileReference; lastKnownFileType = folder.assetcatalog; path = Assets.xcassets; sourceTree = "<group>"; };
		787298A4285CD2A800FCE1C9 /* Base */ = {isa = PBXFileReference; lastKnownFileType = file.storyboard; name = Base; path = Base.lproj/LaunchScreen.storyboard; sourceTree = "<group>"; };
		787298A6285CD2A800FCE1C9 /* Info.plist */ = {isa = PBXFileReference; lastKnownFileType = text.plist.xml; path = Info.plist; sourceTree = "<group>"; };
		787298AD285CD4BC00FCE1C9 /* Coordinator.swift */ = {isa = PBXFileReference; lastKnownFileType = sourcecode.swift; path = Coordinator.swift; sourceTree = "<group>"; };
		787298B0285CD52C00FCE1C9 /* AppState.swift */ = {isa = PBXFileReference; lastKnownFileType = sourcecode.swift; path = AppState.swift; sourceTree = "<group>"; };
		787298B3285CD5AF00FCE1C9 /* Models.swift */ = {isa = PBXFileReference; lastKnownFileType = sourcecode.swift; path = Models.swift; sourceTree = "<group>"; };
		787298BA285D1D2900FCE1C9 /* EmployeeListViewModel.swift */ = {isa = PBXFileReference; lastKnownFileType = sourcecode.swift; path = EmployeeListViewModel.swift; sourceTree = "<group>"; };
		787298BD285D1E2F00FCE1C9 /* BindableViewModel.swift */ = {isa = PBXFileReference; lastKnownFileType = sourcecode.swift; path = BindableViewModel.swift; sourceTree = "<group>"; };
		787298BF285E247300FCE1C9 /* EmployeeListView.swift */ = {isa = PBXFileReference; lastKnownFileType = sourcecode.swift; path = EmployeeListView.swift; sourceTree = "<group>"; };
		787298C1285E250C00FCE1C9 /* UIView+anchors.swift */ = {isa = PBXFileReference; lastKnownFileType = sourcecode.swift; path = "UIView+anchors.swift"; sourceTree = "<group>"; };
		787298C3285E261E00FCE1C9 /* UIView+addSubviews.swift */ = {isa = PBXFileReference; lastKnownFileType = sourcecode.swift; path = "UIView+addSubviews.swift"; sourceTree = "<group>"; };
		787298C5285E26C700FCE1C9 /* UIStackView+addArrangedSubviews.swift */ = {isa = PBXFileReference; lastKnownFileType = sourcecode.swift; path = "UIStackView+addArrangedSubviews.swift"; sourceTree = "<group>"; };
		787298C7285E298A00FCE1C9 /* UIStackView+init.swift */ = {isa = PBXFileReference; lastKnownFileType = sourcecode.swift; path = "UIStackView+init.swift"; sourceTree = "<group>"; };
		787298C9285E2BB100FCE1C9 /* UIStackView+setDirectionalLayoutMargins.swift */ = {isa = PBXFileReference; lastKnownFileType = sourcecode.swift; path = "UIStackView+setDirectionalLayoutMargins.swift"; sourceTree = "<group>"; };
		787298CB285E42A300FCE1C9 /* EmployeeListCell.swift */ = {isa = PBXFileReference; lastKnownFileType = sourcecode.swift; path = EmployeeListCell.swift; sourceTree = "<group>"; };
		787298CF2861377B00FCE1C9 /* GetEmployeesRequest.swift */ = {isa = PBXFileReference; lastKnownFileType = sourcecode.swift; path = GetEmployeesRequest.swift; sourceTree = "<group>"; };
		787298D128613A3200FCE1C9 /* NetworkError.swift */ = {isa = PBXFileReference; lastKnownFileType = sourcecode.swift; path = NetworkError.swift; sourceTree = "<group>"; };
		787AB5BD286587490061C886 /* employee-directoryTests.xctest */ = {isa = PBXFileReference; explicitFileType = wrapper.cfbundle; includeInIndex = 0; path = "employee-directoryTests.xctest"; sourceTree = BUILT_PRODUCTS_DIR; };
		787AB5C7286587910061C886 /* UIStackView+init-Tests.swift */ = {isa = PBXFileReference; lastKnownFileType = sourcecode.swift; path = "UIStackView+init-Tests.swift"; sourceTree = "<group>"; };
		787AB5C9286589A20061C886 /* UIStackView+setDirectionalLayoutMargins-Tests.swift */ = {isa = PBXFileReference; lastKnownFileType = sourcecode.swift; path = "UIStackView+setDirectionalLayoutMargins-Tests.swift"; sourceTree = "<group>"; };
		787AB5CB28658A320061C886 /* UIStackView+addArrangedSubviews-Tests.swift */ = {isa = PBXFileReference; lastKnownFileType = sourcecode.swift; path = "UIStackView+addArrangedSubviews-Tests.swift"; sourceTree = "<group>"; };
		787AB5CE28658B1B0061C886 /* StoreReducerTests.swift */ = {isa = PBXFileReference; lastKnownFileType = sourcecode.swift; path = StoreReducerTests.swift; sourceTree = "<group>"; };
		787AB5D028658CF90061C886 /* Collection+safeIndex.swift */ = {isa = PBXFileReference; lastKnownFileType = sourcecode.swift; path = "Collection+safeIndex.swift"; sourceTree = "<group>"; };
		787AB5D228658EA60061C886 /* CoordinatorTests.swift */ = {isa = PBXFileReference; lastKnownFileType = sourcecode.swift; path = CoordinatorTests.swift; sourceTree = "<group>"; };
		787AB5D5286590F40061C886 /* Mocks.swift */ = {isa = PBXFileReference; lastKnownFileType = sourcecode.swift; path = Mocks.swift; sourceTree = "<group>"; };
		787AB5D7286598170061C886 /* EmployeeDetailViewModelTests.swift */ = {isa = PBXFileReference; lastKnownFileType = sourcecode.swift; path = EmployeeDetailViewModelTests.swift; sourceTree = "<group>"; };
		787AB5DA286599FA0061C886 /* EmployeeListViewModelTests.swift */ = {isa = PBXFileReference; lastKnownFileType = sourcecode.swift; path = EmployeeListViewModelTests.swift; sourceTree = "<group>"; };
		787AB5DD28659C690061C886 /* GetEmployeesRequestTests.swift */ = {isa = PBXFileReference; lastKnownFileType = sourcecode.swift; path = GetEmployeesRequestTests.swift; sourceTree = "<group>"; };
		787AB5DF28659E280061C886 /* NetworkingHelpers.swift */ = {isa = PBXFileReference; lastKnownFileType = sourcecode.swift; path = NetworkingHelpers.swift; sourceTree = "<group>"; };
		787AB5E12865F08E0061C886 /* MockNavigationController.swift */ = {isa = PBXFileReference; lastKnownFileType = sourcecode.swift; path = MockNavigationController.swift; sourceTree = "<group>"; };
		787AB5E52865F62F0061C886 /* XCTestCase+awaitCompletion.swift */ = {isa = PBXFileReference; lastKnownFileType = sourcecode.swift; path = "XCTestCase+awaitCompletion.swift"; sourceTree = "<group>"; };
		787AB5E72866059A0061C886 /* APIProtocols.swift */ = {isa = PBXFileReference; lastKnownFileType = sourcecode.swift; path = APIProtocols.swift; sourceTree = "<group>"; };
		78AFDEC328643E2200DBC248 /* EmployeeDetailViewController.swift */ = {isa = PBXFileReference; lastKnownFileType = sourcecode.swift; path = EmployeeDetailViewController.swift; sourceTree = "<group>"; };
		78AFDEC628653EF000DBC248 /* EmployeeDetailView.swift */ = {isa = PBXFileReference; lastKnownFileType = sourcecode.swift; path = EmployeeDetailView.swift; sourceTree = "<group>"; };
		78AFDEC82865525500DBC248 /* EmployeeDetailViewModel.swift */ = {isa = PBXFileReference; lastKnownFileType = sourcecode.swift; path = EmployeeDetailViewModel.swift; sourceTree = "<group>"; };
/* End PBXFileReference section */

/* Begin PBXFrameworksBuildPhase section */
		78729892285CD2A500FCE1C9 /* Frameworks */ = {
			isa = PBXFrameworksBuildPhase;
			buildActionMask = 2147483647;
			files = (
				787298DA28629BD200FCE1C9 /* Kingfisher in Frameworks */,
			);
			runOnlyForDeploymentPostprocessing = 0;
		};
		787AB5BA286587490061C886 /* Frameworks */ = {
			isa = PBXFrameworksBuildPhase;
			buildActionMask = 2147483647;
			files = (
			);
			runOnlyForDeploymentPostprocessing = 0;
		};
/* End PBXFrameworksBuildPhase section */

/* Begin PBXGroup section */
		7872988C285CD2A500FCE1C9 = {
			isa = PBXGroup;
			children = (
				78729897285CD2A500FCE1C9 /* employee-directory */,
				787AB5BE286587490061C886 /* employee-directoryTests */,
				78729896285CD2A500FCE1C9 /* Products */,
			);
			sourceTree = "<group>";
		};
		78729896285CD2A500FCE1C9 /* Products */ = {
			isa = PBXGroup;
			children = (
				78729895285CD2A500FCE1C9 /* employee-directory.app */,
				787AB5BD286587490061C886 /* employee-directoryTests.xctest */,
			);
			name = Products;
			sourceTree = "<group>";
		};
		78729897285CD2A500FCE1C9 /* employee-directory */ = {
			isa = PBXGroup;
			children = (
				787298BC285D1E2200FCE1C9 /* Protocols */,
				787298B7285D171600FCE1C9 /* Extensions */,
				78AFDEC528643E2700DBC248 /* EmployeeDetailView */,
				787298B6285D148500FCE1C9 /* EmployeeListView */,
				787298B5285D055D00FCE1C9 /* Networking */,
				787298B2285CD59D00FCE1C9 /* Models */,
				787298AF285CD51E00FCE1C9 /* Store */,
				78729898285CD2A500FCE1C9 /* AppDelegate.swift */,
				7872989A285CD2A500FCE1C9 /* SceneDelegate.swift */,
				787298A1285CD2A800FCE1C9 /* Assets.xcassets */,
				787298A3285CD2A800FCE1C9 /* LaunchScreen.storyboard */,
				787298A6285CD2A800FCE1C9 /* Info.plist */,
				786B91CB2885E70D00661F18 /* EmployeeDirectory.xcdatamodeld */,
			);
			path = "employee-directory";
			sourceTree = "<group>";
		};
		787298AF285CD51E00FCE1C9 /* Store */ = {
			isa = PBXGroup;
			children = (
				787298B0285CD52C00FCE1C9 /* AppState.swift */,
				787298AD285CD4BC00FCE1C9 /* Coordinator.swift */,
			);
			path = Store;
			sourceTree = "<group>";
		};
		787298B2285CD59D00FCE1C9 /* Models */ = {
			isa = PBXGroup;
			children = (
				787298B3285CD5AF00FCE1C9 /* Models.swift */,
			);
			path = Models;
			sourceTree = "<group>";
		};
		787298B5285D055D00FCE1C9 /* Networking */ = {
			isa = PBXGroup;
			children = (
				787298CF2861377B00FCE1C9 /* GetEmployeesRequest.swift */,
				787AB5E72866059A0061C886 /* APIProtocols.swift */,
				787298D128613A3200FCE1C9 /* NetworkError.swift */,
			);
			path = Networking;
			sourceTree = "<group>";
		};
		787298B6285D148500FCE1C9 /* EmployeeListView */ = {
			isa = PBXGroup;
			children = (
				7872989C285CD2A500FCE1C9 /* EmployeeListViewController.swift */,
				787298BF285E247300FCE1C9 /* EmployeeListView.swift */,
				787298BA285D1D2900FCE1C9 /* EmployeeListViewModel.swift */,
				787298CB285E42A300FCE1C9 /* EmployeeListCell.swift */,
			);
			path = EmployeeListView;
			sourceTree = "<group>";
		};
		787298B7285D171600FCE1C9 /* Extensions */ = {
			isa = PBXGroup;
			children = (
				787298C7285E298A00FCE1C9 /* UIStackView+init.swift */,
				787AB5D028658CF90061C886 /* Collection+safeIndex.swift */,
				787298C9285E2BB100FCE1C9 /* UIStackView+setDirectionalLayoutMargins.swift */,
				787298C1285E250C00FCE1C9 /* UIView+anchors.swift */,
				787298C3285E261E00FCE1C9 /* UIView+addSubviews.swift */,
				787298C5285E26C700FCE1C9 /* UIStackView+addArrangedSubviews.swift */,
			);
			path = Extensions;
			sourceTree = "<group>";
		};
		787298BC285D1E2200FCE1C9 /* Protocols */ = {
			isa = PBXGroup;
			children = (
				787298BD285D1E2F00FCE1C9 /* BindableViewModel.swift */,
			);
			path = Protocols;
			sourceTree = "<group>";
		};
		787AB5BE286587490061C886 /* employee-directoryTests */ = {
			isa = PBXGroup;
			children = (
				787AB5DC28659C5B0061C886 /* Networking */,
				787AB5D9286598330061C886 /* ViewModels */,
				787AB5D4286590E60061C886 /* Shared */,
				787AB5CD28658AF30061C886 /* Store */,
				787AB5C6286587530061C886 /* Extensions */,
			);
			path = "employee-directoryTests";
			sourceTree = "<group>";
		};
		787AB5C6286587530061C886 /* Extensions */ = {
			isa = PBXGroup;
			children = (
				787AB5C7286587910061C886 /* UIStackView+init-Tests.swift */,
				787AB5CB28658A320061C886 /* UIStackView+addArrangedSubviews-Tests.swift */,
				787AB5C9286589A20061C886 /* UIStackView+setDirectionalLayoutMargins-Tests.swift */,
			);
			path = Extensions;
			sourceTree = "<group>";
		};
		787AB5CD28658AF30061C886 /* Store */ = {
			isa = PBXGroup;
			children = (
				787AB5CE28658B1B0061C886 /* StoreReducerTests.swift */,
				787AB5D228658EA60061C886 /* CoordinatorTests.swift */,
			);
			path = Store;
			sourceTree = "<group>";
		};
		787AB5D4286590E60061C886 /* Shared */ = {
			isa = PBXGroup;
			children = (
				787AB5D5286590F40061C886 /* Mocks.swift */,
				787AB5E12865F08E0061C886 /* MockNavigationController.swift */,
				787AB5DF28659E280061C886 /* NetworkingHelpers.swift */,
			);
			path = Shared;
			sourceTree = "<group>";
		};
		787AB5D9286598330061C886 /* ViewModels */ = {
			isa = PBXGroup;
			children = (
				787AB5D7286598170061C886 /* EmployeeDetailViewModelTests.swift */,
				787AB5DA286599FA0061C886 /* EmployeeListViewModelTests.swift */,
			);
			path = ViewModels;
			sourceTree = "<group>";
		};
		787AB5DC28659C5B0061C886 /* Networking */ = {
			isa = PBXGroup;
			children = (
				787AB5DD28659C690061C886 /* GetEmployeesRequestTests.swift */,
				787AB5E52865F62F0061C886 /* XCTestCase+awaitCompletion.swift */,
			);
			path = Networking;
			sourceTree = "<group>";
		};
		78AFDEC528643E2700DBC248 /* EmployeeDetailView */ = {
			isa = PBXGroup;
			children = (
				78AFDEC328643E2200DBC248 /* EmployeeDetailViewController.swift */,
				78AFDEC628653EF000DBC248 /* EmployeeDetailView.swift */,
				78AFDEC82865525500DBC248 /* EmployeeDetailViewModel.swift */,
			);
			path = EmployeeDetailView;
			sourceTree = "<group>";
		};
/* End PBXGroup section */

/* Begin PBXNativeTarget section */
		78729894285CD2A500FCE1C9 /* employee-directory */ = {
			isa = PBXNativeTarget;
			buildConfigurationList = 787298A9285CD2A800FCE1C9 /* Build configuration list for PBXNativeTarget "employee-directory" */;
			buildPhases = (
				78729891285CD2A500FCE1C9 /* Sources */,
				78729892285CD2A500FCE1C9 /* Frameworks */,
				78729893285CD2A500FCE1C9 /* Resources */,
			);
			buildRules = (
			);
			dependencies = (
			);
			name = "employee-directory";
			packageProductDependencies = (
				787298D928629BD200FCE1C9 /* Kingfisher */,
			);
			productName = "employee-directory";
			productReference = 78729895285CD2A500FCE1C9 /* employee-directory.app */;
			productType = "com.apple.product-type.application";
		};
		787AB5BC286587490061C886 /* employee-directoryTests */ = {
			isa = PBXNativeTarget;
			buildConfigurationList = 787AB5C3286587490061C886 /* Build configuration list for PBXNativeTarget "employee-directoryTests" */;
			buildPhases = (
				787AB5B9286587490061C886 /* Sources */,
				787AB5BA286587490061C886 /* Frameworks */,
				787AB5BB286587490061C886 /* Resources */,
			);
			buildRules = (
			);
			dependencies = (
				787AB5C2286587490061C886 /* PBXTargetDependency */,
			);
			name = "employee-directoryTests";
			productName = "employee-directoryTests";
			productReference = 787AB5BD286587490061C886 /* employee-directoryTests.xctest */;
			productType = "com.apple.product-type.bundle.unit-test";
		};
/* End PBXNativeTarget section */

/* Begin PBXProject section */
		7872988D285CD2A500FCE1C9 /* Project object */ = {
			isa = PBXProject;
			attributes = {
				BuildIndependentTargetsInParallel = 1;
				LastSwiftUpdateCheck = 1340;
				LastUpgradeCheck = 1340;
				TargetAttributes = {
					78729894285CD2A500FCE1C9 = {
						CreatedOnToolsVersion = 13.4.1;
					};
					787AB5BC286587490061C886 = {
						CreatedOnToolsVersion = 13.4.1;
						TestTargetID = 78729894285CD2A500FCE1C9;
					};
				};
			};
			buildConfigurationList = 78729890285CD2A500FCE1C9 /* Build configuration list for PBXProject "employee-directory" */;
			compatibilityVersion = "Xcode 13.0";
			developmentRegion = en;
			hasScannedForEncodings = 0;
			knownRegions = (
				en,
				Base,
			);
			mainGroup = 7872988C285CD2A500FCE1C9;
			packageReferences = (
				787298D828629BD200FCE1C9 /* XCRemoteSwiftPackageReference "Kingfisher" */,
			);
			productRefGroup = 78729896285CD2A500FCE1C9 /* Products */;
			projectDirPath = "";
			projectRoot = "";
			targets = (
				78729894285CD2A500FCE1C9 /* employee-directory */,
				787AB5BC286587490061C886 /* employee-directoryTests */,
			);
		};
/* End PBXProject section */

/* Begin PBXResourcesBuildPhase section */
		78729893285CD2A500FCE1C9 /* Resources */ = {
			isa = PBXResourcesBuildPhase;
			buildActionMask = 2147483647;
			files = (
				787298A5285CD2A800FCE1C9 /* LaunchScreen.storyboard in Resources */,
				787298A2285CD2A800FCE1C9 /* Assets.xcassets in Resources */,
			);
			runOnlyForDeploymentPostprocessing = 0;
		};
		787AB5BB286587490061C886 /* Resources */ = {
			isa = PBXResourcesBuildPhase;
			buildActionMask = 2147483647;
			files = (
			);
			runOnlyForDeploymentPostprocessing = 0;
		};
/* End PBXResourcesBuildPhase section */

/* Begin PBXSourcesBuildPhase section */
		78729891285CD2A500FCE1C9 /* Sources */ = {
			isa = PBXSourcesBuildPhase;
			buildActionMask = 2147483647;
			files = (
				78AFDEC728653EF000DBC248 /* EmployeeDetailView.swift in Sources */,
				78AFDEC428643E2200DBC248 /* EmployeeDetailViewController.swift in Sources */,
				787298C4285E261E00FCE1C9 /* UIView+addSubviews.swift in Sources */,
				787298C8285E298A00FCE1C9 /* UIStackView+init.swift in Sources */,
				78AFDEC92865525500DBC248 /* EmployeeDetailViewModel.swift in Sources */,
				787298C2285E250C00FCE1C9 /* UIView+anchors.swift in Sources */,
				787298AE285CD4BC00FCE1C9 /* Coordinator.swift in Sources */,
				787298BE285D1E2F00FCE1C9 /* BindableViewModel.swift in Sources */,
				787298B1285CD52C00FCE1C9 /* AppState.swift in Sources */,
				786B91CD2885E70D00661F18 /* EmployeeDirectory.xcdatamodeld in Sources */,
				787298C0285E247300FCE1C9 /* EmployeeListView.swift in Sources */,
				787AB5D128658CF90061C886 /* Collection+safeIndex.swift in Sources */,
				787298D02861377B00FCE1C9 /* GetEmployeesRequest.swift in Sources */,
				7872989D285CD2A500FCE1C9 /* EmployeeListViewController.swift in Sources */,
				787298B4285CD5AF00FCE1C9 /* Models.swift in Sources */,
				787298CA285E2BB100FCE1C9 /* UIStackView+setDirectionalLayoutMargins.swift in Sources */,
				787298C6285E26C700FCE1C9 /* UIStackView+addArrangedSubviews.swift in Sources */,
				78729899285CD2A500FCE1C9 /* AppDelegate.swift in Sources */,
				787298CC285E42A300FCE1C9 /* EmployeeListCell.swift in Sources */,
				787AB5E82866059A0061C886 /* APIProtocols.swift in Sources */,
				7872989B285CD2A500FCE1C9 /* SceneDelegate.swift in Sources */,
				787298BB285D1D2900FCE1C9 /* EmployeeListViewModel.swift in Sources */,
				787298D228613A3200FCE1C9 /* NetworkError.swift in Sources */,
			);
			runOnlyForDeploymentPostprocessing = 0;
		};
		787AB5B9286587490061C886 /* Sources */ = {
			isa = PBXSourcesBuildPhase;
			buildActionMask = 2147483647;
			files = (
				787AB5DE28659C690061C886 /* GetEmployeesRequestTests.swift in Sources */,
				787AB5CF28658B1B0061C886 /* StoreReducerTests.swift in Sources */,
				787AB5D6286590F40061C886 /* Mocks.swift in Sources */,
				787AB5D8286598170061C886 /* EmployeeDetailViewModelTests.swift in Sources */,
				787AB5D328658EA60061C886 /* CoordinatorTests.swift in Sources */,
				787AB5E62865F62F0061C886 /* XCTestCase+awaitCompletion.swift in Sources */,
				787AB5CC28658A320061C886 /* UIStackView+addArrangedSubviews-Tests.swift in Sources */,
				787AB5C8286587910061C886 /* UIStackView+init-Tests.swift in Sources */,
				787AB5DB286599FA0061C886 /* EmployeeListViewModelTests.swift in Sources */,
				787AB5E028659E280061C886 /* NetworkingHelpers.swift in Sources */,
				787AB5CA286589A20061C886 /* UIStackView+setDirectionalLayoutMargins-Tests.swift in Sources */,
				787AB5E22865F08E0061C886 /* MockNavigationController.swift in Sources */,
			);
			runOnlyForDeploymentPostprocessing = 0;
		};
/* End PBXSourcesBuildPhase section */

/* Begin PBXTargetDependency section */
		787AB5C2286587490061C886 /* PBXTargetDependency */ = {
			isa = PBXTargetDependency;
			target = 78729894285CD2A500FCE1C9 /* employee-directory */;
			targetProxy = 787AB5C1286587490061C886 /* PBXContainerItemProxy */;
		};
/* End PBXTargetDependency section */

/* Begin PBXVariantGroup section */
		787298A3285CD2A800FCE1C9 /* LaunchScreen.storyboard */ = {
			isa = PBXVariantGroup;
			children = (
				787298A4285CD2A800FCE1C9 /* Base */,
			);
			name = LaunchScreen.storyboard;
			sourceTree = "<group>";
		};
/* End PBXVariantGroup section */

/* Begin XCBuildConfiguration section */
		787298A7285CD2A800FCE1C9 /* Debug */ = {
			isa = XCBuildConfiguration;
			buildSettings = {
				ALWAYS_SEARCH_USER_PATHS = NO;
				CLANG_ANALYZER_NONNULL = YES;
				CLANG_ANALYZER_NUMBER_OBJECT_CONVERSION = YES_AGGRESSIVE;
				CLANG_CXX_LANGUAGE_STANDARD = "gnu++17";
				CLANG_ENABLE_MODULES = YES;
				CLANG_ENABLE_OBJC_ARC = YES;
				CLANG_ENABLE_OBJC_WEAK = YES;
				CLANG_WARN_BLOCK_CAPTURE_AUTORELEASING = YES;
				CLANG_WARN_BOOL_CONVERSION = YES;
				CLANG_WARN_COMMA = YES;
				CLANG_WARN_CONSTANT_CONVERSION = YES;
				CLANG_WARN_DEPRECATED_OBJC_IMPLEMENTATIONS = YES;
				CLANG_WARN_DIRECT_OBJC_ISA_USAGE = YES_ERROR;
				CLANG_WARN_DOCUMENTATION_COMMENTS = YES;
				CLANG_WARN_EMPTY_BODY = YES;
				CLANG_WARN_ENUM_CONVERSION = YES;
				CLANG_WARN_INFINITE_RECURSION = YES;
				CLANG_WARN_INT_CONVERSION = YES;
				CLANG_WARN_NON_LITERAL_NULL_CONVERSION = YES;
				CLANG_WARN_OBJC_IMPLICIT_RETAIN_SELF = YES;
				CLANG_WARN_OBJC_LITERAL_CONVERSION = YES;
				CLANG_WARN_OBJC_ROOT_CLASS = YES_ERROR;
				CLANG_WARN_QUOTED_INCLUDE_IN_FRAMEWORK_HEADER = YES;
				CLANG_WARN_RANGE_LOOP_ANALYSIS = YES;
				CLANG_WARN_STRICT_PROTOTYPES = YES;
				CLANG_WARN_SUSPICIOUS_MOVE = YES;
				CLANG_WARN_UNGUARDED_AVAILABILITY = YES_AGGRESSIVE;
				CLANG_WARN_UNREACHABLE_CODE = YES;
				CLANG_WARN__DUPLICATE_METHOD_MATCH = YES;
				COPY_PHASE_STRIP = NO;
				DEBUG_INFORMATION_FORMAT = dwarf;
				ENABLE_STRICT_OBJC_MSGSEND = YES;
				ENABLE_TESTABILITY = YES;
				GCC_C_LANGUAGE_STANDARD = gnu11;
				GCC_DYNAMIC_NO_PIC = NO;
				GCC_NO_COMMON_BLOCKS = YES;
				GCC_OPTIMIZATION_LEVEL = 0;
				GCC_PREPROCESSOR_DEFINITIONS = (
					"DEBUG=1",
					"$(inherited)",
				);
				GCC_WARN_64_TO_32_BIT_CONVERSION = YES;
				GCC_WARN_ABOUT_RETURN_TYPE = YES_ERROR;
				GCC_WARN_UNDECLARED_SELECTOR = YES;
				GCC_WARN_UNINITIALIZED_AUTOS = YES_AGGRESSIVE;
				GCC_WARN_UNUSED_FUNCTION = YES;
				GCC_WARN_UNUSED_VARIABLE = YES;
				IPHONEOS_DEPLOYMENT_TARGET = 15.5;
				MTL_ENABLE_DEBUG_INFO = INCLUDE_SOURCE;
				MTL_FAST_MATH = YES;
				ONLY_ACTIVE_ARCH = YES;
				SDKROOT = iphoneos;
				SWIFT_ACTIVE_COMPILATION_CONDITIONS = DEBUG;
				SWIFT_OPTIMIZATION_LEVEL = "-Onone";
			};
			name = Debug;
		};
		787298A8285CD2A800FCE1C9 /* Release */ = {
			isa = XCBuildConfiguration;
			buildSettings = {
				ALWAYS_SEARCH_USER_PATHS = NO;
				CLANG_ANALYZER_NONNULL = YES;
				CLANG_ANALYZER_NUMBER_OBJECT_CONVERSION = YES_AGGRESSIVE;
				CLANG_CXX_LANGUAGE_STANDARD = "gnu++17";
				CLANG_ENABLE_MODULES = YES;
				CLANG_ENABLE_OBJC_ARC = YES;
				CLANG_ENABLE_OBJC_WEAK = YES;
				CLANG_WARN_BLOCK_CAPTURE_AUTORELEASING = YES;
				CLANG_WARN_BOOL_CONVERSION = YES;
				CLANG_WARN_COMMA = YES;
				CLANG_WARN_CONSTANT_CONVERSION = YES;
				CLANG_WARN_DEPRECATED_OBJC_IMPLEMENTATIONS = YES;
				CLANG_WARN_DIRECT_OBJC_ISA_USAGE = YES_ERROR;
				CLANG_WARN_DOCUMENTATION_COMMENTS = YES;
				CLANG_WARN_EMPTY_BODY = YES;
				CLANG_WARN_ENUM_CONVERSION = YES;
				CLANG_WARN_INFINITE_RECURSION = YES;
				CLANG_WARN_INT_CONVERSION = YES;
				CLANG_WARN_NON_LITERAL_NULL_CONVERSION = YES;
				CLANG_WARN_OBJC_IMPLICIT_RETAIN_SELF = YES;
				CLANG_WARN_OBJC_LITERAL_CONVERSION = YES;
				CLANG_WARN_OBJC_ROOT_CLASS = YES_ERROR;
				CLANG_WARN_QUOTED_INCLUDE_IN_FRAMEWORK_HEADER = YES;
				CLANG_WARN_RANGE_LOOP_ANALYSIS = YES;
				CLANG_WARN_STRICT_PROTOTYPES = YES;
				CLANG_WARN_SUSPICIOUS_MOVE = YES;
				CLANG_WARN_UNGUARDED_AVAILABILITY = YES_AGGRESSIVE;
				CLANG_WARN_UNREACHABLE_CODE = YES;
				CLANG_WARN__DUPLICATE_METHOD_MATCH = YES;
				COPY_PHASE_STRIP = NO;
				DEBUG_INFORMATION_FORMAT = "dwarf-with-dsym";
				ENABLE_NS_ASSERTIONS = NO;
				ENABLE_STRICT_OBJC_MSGSEND = YES;
				GCC_C_LANGUAGE_STANDARD = gnu11;
				GCC_NO_COMMON_BLOCKS = YES;
				GCC_WARN_64_TO_32_BIT_CONVERSION = YES;
				GCC_WARN_ABOUT_RETURN_TYPE = YES_ERROR;
				GCC_WARN_UNDECLARED_SELECTOR = YES;
				GCC_WARN_UNINITIALIZED_AUTOS = YES_AGGRESSIVE;
				GCC_WARN_UNUSED_FUNCTION = YES;
				GCC_WARN_UNUSED_VARIABLE = YES;
				IPHONEOS_DEPLOYMENT_TARGET = 15.5;
				MTL_ENABLE_DEBUG_INFO = NO;
				MTL_FAST_MATH = YES;
				SDKROOT = iphoneos;
				SWIFT_COMPILATION_MODE = wholemodule;
				SWIFT_OPTIMIZATION_LEVEL = "-O";
				VALIDATE_PRODUCT = YES;
			};
			name = Release;
		};
		787298AA285CD2A800FCE1C9 /* Debug */ = {
			isa = XCBuildConfiguration;
			buildSettings = {
				ASSETCATALOG_COMPILER_APPICON_NAME = AppIcon;
				ASSETCATALOG_COMPILER_GLOBAL_ACCENT_COLOR_NAME = AccentColor;
				CODE_SIGN_STYLE = Automatic;
				CURRENT_PROJECT_VERSION = 1;
				DEVELOPMENT_TEAM = 5V25MA2WXN;
				GENERATE_INFOPLIST_FILE = YES;
				INFOPLIST_FILE = "employee-directory/Info.plist";
				INFOPLIST_KEY_UIApplicationSupportsIndirectInputEvents = YES;
				INFOPLIST_KEY_UILaunchStoryboardName = LaunchScreen;
				INFOPLIST_KEY_UISupportedInterfaceOrientations_iPad = "UIInterfaceOrientationPortrait UIInterfaceOrientationPortraitUpsideDown UIInterfaceOrientationLandscapeLeft UIInterfaceOrientationLandscapeRight";
				INFOPLIST_KEY_UISupportedInterfaceOrientations_iPhone = UIInterfaceOrientationPortrait;
				LD_RUNPATH_SEARCH_PATHS = (
					"$(inherited)",
					"@executable_path/Frameworks",
				);
				MARKETING_VERSION = 1.0;
				PRODUCT_BUNDLE_IDENTIFIER = "benlee.employee-directory";
				PRODUCT_NAME = "$(TARGET_NAME)";
				SWIFT_EMIT_LOC_STRINGS = YES;
				SWIFT_VERSION = 5.0;
				TARGETED_DEVICE_FAMILY = "1,2";
			};
			name = Debug;
		};
		787298AB285CD2A800FCE1C9 /* Release */ = {
			isa = XCBuildConfiguration;
			buildSettings = {
				ASSETCATALOG_COMPILER_APPICON_NAME = AppIcon;
				ASSETCATALOG_COMPILER_GLOBAL_ACCENT_COLOR_NAME = AccentColor;
				CODE_SIGN_STYLE = Automatic;
				CURRENT_PROJECT_VERSION = 1;
				DEVELOPMENT_TEAM = 5V25MA2WXN;
				GENERATE_INFOPLIST_FILE = YES;
				INFOPLIST_FILE = "employee-directory/Info.plist";
				INFOPLIST_KEY_UIApplicationSupportsIndirectInputEvents = YES;
				INFOPLIST_KEY_UILaunchStoryboardName = LaunchScreen;
				INFOPLIST_KEY_UISupportedInterfaceOrientations_iPad = "UIInterfaceOrientationPortrait UIInterfaceOrientationPortraitUpsideDown UIInterfaceOrientationLandscapeLeft UIInterfaceOrientationLandscapeRight";
				INFOPLIST_KEY_UISupportedInterfaceOrientations_iPhone = UIInterfaceOrientationPortrait;
				LD_RUNPATH_SEARCH_PATHS = (
					"$(inherited)",
					"@executable_path/Frameworks",
				);
				MARKETING_VERSION = 1.0;
				PRODUCT_BUNDLE_IDENTIFIER = "benlee.employee-directory";
				PRODUCT_NAME = "$(TARGET_NAME)";
				SWIFT_EMIT_LOC_STRINGS = YES;
				SWIFT_VERSION = 5.0;
				TARGETED_DEVICE_FAMILY = "1,2";
			};
			name = Release;
		};
		787AB5C4286587490061C886 /* Debug */ = {
			isa = XCBuildConfiguration;
			buildSettings = {
				BUNDLE_LOADER = "$(TEST_HOST)";
				CODE_SIGN_STYLE = Automatic;
				CURRENT_PROJECT_VERSION = 1;
				DEVELOPMENT_TEAM = 5V25MA2WXN;
				GENERATE_INFOPLIST_FILE = YES;
				MARKETING_VERSION = 1.0;
				PRODUCT_BUNDLE_IDENTIFIER = "benlee.employee-directoryTests";
				PRODUCT_NAME = "$(TARGET_NAME)";
				SWIFT_EMIT_LOC_STRINGS = NO;
				SWIFT_VERSION = 5.0;
				TARGETED_DEVICE_FAMILY = "1,2";
				TEST_HOST = "$(BUILT_PRODUCTS_DIR)/employee-directory.app/employee-directory";
			};
			name = Debug;
		};
		787AB5C5286587490061C886 /* Release */ = {
			isa = XCBuildConfiguration;
			buildSettings = {
				BUNDLE_LOADER = "$(TEST_HOST)";
				CODE_SIGN_STYLE = Automatic;
				CURRENT_PROJECT_VERSION = 1;
				DEVELOPMENT_TEAM = 5V25MA2WXN;
				GENERATE_INFOPLIST_FILE = YES;
				MARKETING_VERSION = 1.0;
				PRODUCT_BUNDLE_IDENTIFIER = "benlee.employee-directoryTests";
				PRODUCT_NAME = "$(TARGET_NAME)";
				SWIFT_EMIT_LOC_STRINGS = NO;
				SWIFT_VERSION = 5.0;
				TARGETED_DEVICE_FAMILY = "1,2";
				TEST_HOST = "$(BUILT_PRODUCTS_DIR)/employee-directory.app/employee-directory";
			};
			name = Release;
		};
/* End XCBuildConfiguration section */

/* Begin XCConfigurationList section */
		78729890285CD2A500FCE1C9 /* Build configuration list for PBXProject "employee-directory" */ = {
			isa = XCConfigurationList;
			buildConfigurations = (
				787298A7285CD2A800FCE1C9 /* Debug */,
				787298A8285CD2A800FCE1C9 /* Release */,
			);
			defaultConfigurationIsVisible = 0;
			defaultConfigurationName = Release;
		};
		787298A9285CD2A800FCE1C9 /* Build configuration list for PBXNativeTarget "employee-directory" */ = {
			isa = XCConfigurationList;
			buildConfigurations = (
				787298AA285CD2A800FCE1C9 /* Debug */,
				787298AB285CD2A800FCE1C9 /* Release */,
			);
			defaultConfigurationIsVisible = 0;
			defaultConfigurationName = Release;
		};
		787AB5C3286587490061C886 /* Build configuration list for PBXNativeTarget "employee-directoryTests" */ = {
			isa = XCConfigurationList;
			buildConfigurations = (
				787AB5C4286587490061C886 /* Debug */,
				787AB5C5286587490061C886 /* Release */,
			);
			defaultConfigurationIsVisible = 0;
			defaultConfigurationName = Release;
		};
/* End XCConfigurationList section */

/* Begin XCRemoteSwiftPackageReference section */
		787298D828629BD200FCE1C9 /* XCRemoteSwiftPackageReference "Kingfisher" */ = {
			isa = XCRemoteSwiftPackageReference;
			repositoryURL = "https://github.com/onevcat/Kingfisher.git";
			requirement = {
				kind = upToNextMajorVersion;
				minimumVersion = 7.0.0;
			};
		};
/* End XCRemoteSwiftPackageReference section */

/* Begin XCSwiftPackageProductDependency section */
		787298D928629BD200FCE1C9 /* Kingfisher */ = {
			isa = XCSwiftPackageProductDependency;
			package = 787298D828629BD200FCE1C9 /* XCRemoteSwiftPackageReference "Kingfisher" */;
			productName = Kingfisher;
		};
/* End XCSwiftPackageProductDependency section */

/* Begin XCVersionGroup section */
		786B91CB2885E70D00661F18 /* EmployeeDirectory.xcdatamodeld */ = {
			isa = XCVersionGroup;
			children = (
				786B91CC2885E70D00661F18 /* EmployeeDirectory.xcdatamodel */,
			);
			currentVersion = 786B91CC2885E70D00661F18 /* EmployeeDirectory.xcdatamodel */;
			path = EmployeeDirectory.xcdatamodeld;
			sourceTree = "<group>";
			versionGroupType = wrapper.xcdatamodel;
		};
/* End XCVersionGroup section */
	};
	rootObject = 7872988D285CD2A500FCE1C9 /* Project object */;
}
